
Microsoft Visual Studio Solution File, Format Version 12.00
# Visual Studio Version 17
VisualStudioVersion = 17.4.33213.308
MinimumVisualStudioVersion = 10.0.40219.1
Project("{FAE04EC0-301F-11D3-BF4B-00C04F79EFBC}") = "Tetris", "WpfApp1\Tetris.csproj", "{550E7C74-457A-4312-A7DB-09F9FC1209D8}"
EndProject
Global
	GlobalSection(SolutionConfigurationPlatforms) = preSolution
		Debug|Any CPU = Debug|Any CPU
		Release|Any CPU = Release|Any CPU
	EndGlobalSection
	GlobalSection(ProjectConfigurationPlatforms) = postSolution
		{550E7C74-457A-4312-A7DB-09F9FC1209D8}.Debug|Any CPU.ActiveCfg = Debug|Any CPU
		{550E7C74-457A-4312-A7DB-09F9FC1209D8}.Debug|Any CPU.Build.0 = Debug|Any CPU
		{550E7C74-457A-4312-A7DB-09F9FC1209D8}.Release|Any CPU.ActiveCfg = Release|Any CPU
		{550E7C74-457A-4312-A7DB-09F9FC1209D8}.Release|Any CPU.Build.0 = Release|Any CPU
	EndGlobalSection
	GlobalSection(SolutionProperties) = preSolution
		HideSolutionNode = FALSE
	EndGlobalSection
	GlobalSection(ExtensibilityGlobals) = postSolution
		SolutionGuid = {123BFE15-F4A0-4E62-97D2-C18F8CA83955}
	EndGlobalSection
EndGlobal
